
Microsoft Visual Studio Solution File, Format Version 12.00
# Visual Studio Version 16
VisualStudioVersion = 16.0.30621.155
MinimumVisualStudioVersion = 10.0.40219.1
Project("{FAE04EC0-301F-11D3-BF4B-00C04F79EFBC}") = "FirstCWapplicationDevelopment", "FirstCWapplicationDevelopment\FirstCWapplicationDevelopment.csproj", "{5B20B599-245C-46A3-9B7F-F489660B5359}"
EndProject
Global
	GlobalSection(SolutionConfigurationPlatforms) = preSolution
		Debug|Any CPU = Debug|Any CPU
		Release|Any CPU = Release|Any CPU
	EndGlobalSection
	GlobalSection(ProjectConfigurationPlatforms) = postSolution
		{5B20B599-245C-46A3-9B7F-F489660B5359}.Debug|Any CPU.ActiveCfg = Debug|Any CPU
		{5B20B599-245C-46A3-9B7F-F489660B5359}.Debug|Any CPU.Build.0 = Debug|Any CPU
		{5B20B599-245C-46A3-9B7F-F489660B5359}.Release|Any CPU.ActiveCfg = Release|Any CPU
		{5B20B599-245C-46A3-9B7F-F489660B5359}.Release|Any CPU.Build.0 = Release|Any CPU
	EndGlobalSection
	GlobalSection(SolutionProperties) = preSolution
		HideSolutionNode = FALSE
	EndGlobalSection
	GlobalSection(ExtensibilityGlobals) = postSolution
		SolutionGuid = {081C71DE-83AB-44E9-A957-D85183409791}
	EndGlobalSection
EndGlobal
